// !$*UTF8*$!
{
	archiveVersion = 1;
	classes = {
	};
	objectVersion = 56;
	objects = {

/* Begin PBXBuildFile section */
		D82C9E0D2D9BDE0700959526 /* FileOperationsBenchmark.swift in Sources */ = {isa = PBXBuildFile; fileRef = D82C9E0C2D9BDE0700959526 /* FileOperationsBenchmark.swift */; };
		D86CE20F2DA11B070029ED5C /* CameraBenchmark.swift in Sources */ = {isa = PBXBuildFile; fileRef = D86CE20E2DA11B070029ED5C /* CameraBenchmark.swift */; };
		D86CE2122DA558480029ED5C /* UiPerformanceCalculator.swift in Sources */ = {isa = PBXBuildFile; fileRef = D86CE2112DA558480029ED5C /* UiPerformanceCalculator.swift */; };
		D88635DA2D92EF5800C1D277 /* HardwarePerformanceCalculator.swift in Sources */ = {isa = PBXBuildFile; fileRef = D88635D92D92EF5800C1D277 /* HardwarePerformanceCalculator.swift */; };
		D88635DC2D92F02200C1D277 /* BenchmarkRunner.swift in Sources */ = {isa = PBXBuildFile; fileRef = D88635DB2D92F02200C1D277 /* BenchmarkRunner.swift */; };
		D88635DE2D92F02E00C1D277 /* LinkedFramesList.swift in Sources */ = {isa = PBXBuildFile; fileRef = D88635DD2D92F02E00C1D277 /* LinkedFramesList.swift */; };
		D88635E12D92F59500C1D277 /* ScrollController.swift in Sources */ = {isa = PBXBuildFile; fileRef = D88635E02D92F59500C1D277 /* ScrollController.swift */; };
		D88635E32D92F5AC00C1D277 /* ScrollScreen.swift in Sources */ = {isa = PBXBuildFile; fileRef = D88635E22D92F5AC00C1D277 /* ScrollScreen.swift */; };
		D8BCCD532D9429A400479E91 /* VisibilityController.swift in Sources */ = {isa = PBXBuildFile; fileRef = D8BCCD522D9429A400479E91 /* VisibilityController.swift */; };
		D8BCCD552D942A2700479E91 /* VisibilityScreen.swift in Sources */ = {isa = PBXBuildFile; fileRef = D8BCCD542D942A2700479E91 /* VisibilityScreen.swift */; };
		D8E827C42D70486800415E1E /* native_benchmarksApp.swift in Sources */ = {isa = PBXBuildFile; fileRef = D8E827C32D70486800415E1E /* native_benchmarksApp.swift */; };
		D8E827C62D70486800415E1E /* ContentView.swift in Sources */ = {isa = PBXBuildFile; fileRef = D8E827C52D70486800415E1E /* ContentView.swift */; };
		D8E827C82D70486900415E1E /* Assets.xcassets in Resources */ = {isa = PBXBuildFile; fileRef = D8E827C72D70486900415E1E /* Assets.xcassets */; };
		D8E827CB2D70486900415E1E /* Preview Assets.xcassets in Resources */ = {isa = PBXBuildFile; fileRef = D8E827CA2D70486900415E1E /* Preview Assets.xcassets */; };
		D8FC9B7A2DB83E72006E23A7 /* VisibilityBenchmark.swift in Sources */ = {isa = PBXBuildFile; fileRef = D8FC9B792DB83E72006E23A7 /* VisibilityBenchmark.swift */; };
		D8FC9B7C2DB83EAA006E23A7 /* ScrollBenchmark.swift in Sources */ = {isa = PBXBuildFile; fileRef = D8FC9B7B2DB83EAA006E23A7 /* ScrollBenchmark.swift */; };
		D8FC9B7E2DB90185006E23A7 /* CameraService.swift in Sources */ = {isa = PBXBuildFile; fileRef = D8FC9B7D2DB90185006E23A7 /* CameraService.swift */; };
		D8FC9B812DBB6B74006E23A7 /* AnimationsBenchmark.swift in Sources */ = {isa = PBXBuildFile; fileRef = D8FC9B802DBB6B74006E23A7 /* AnimationsBenchmark.swift */; };
		D8FC9B832DBB6BBF006E23A7 /* AnimationsController.swift in Sources */ = {isa = PBXBuildFile; fileRef = D8FC9B822DBB6BBF006E23A7 /* AnimationsController.swift */; };
		D8FC9B852DBB6C0D006E23A7 /* AnimationsScreen.swift in Sources */ = {isa = PBXBuildFile; fileRef = D8FC9B842DBB6C0D006E23A7 /* AnimationsScreen.swift */; };
/* End PBXBuildFile section */

/* Begin PBXContainerItemProxy section */
		D8E827D12D70486900415E1E /* PBXContainerItemProxy */ = {
			isa = PBXContainerItemProxy;
			containerPortal = D8E827B82D70486800415E1E /* Project object */;
			proxyType = 1;
			remoteGlobalIDString = D8E827BF2D70486800415E1E;
			remoteInfo = "native-benchmarks";
		};
		D8E827DB2D70486900415E1E /* PBXContainerItemProxy */ = {
			isa = PBXContainerItemProxy;
			containerPortal = D8E827B82D70486800415E1E /* Project object */;
			proxyType = 1;
			remoteGlobalIDString = D8E827BF2D70486800415E1E;
			remoteInfo = "native-benchmarks";
		};
/* End PBXContainerItemProxy section */

/* Begin PBXFileReference section */
		D82C9E0C2D9BDE0700959526 /* FileOperationsBenchmark.swift */ = {isa = PBXFileReference; lastKnownFileType = sourcecode.swift; path = FileOperationsBenchmark.swift; sourceTree = "<group>"; };
		D86CE2092D9D5FCF0029ED5C /* Info.plist */ = {isa = PBXFileReference; lastKnownFileType = text.plist; path = Info.plist; sourceTree = "<group>"; };
		D86CE20E2DA11B070029ED5C /* CameraBenchmark.swift */ = {isa = PBXFileReference; lastKnownFileType = sourcecode.swift; path = CameraBenchmark.swift; sourceTree = "<group>"; };
		D86CE2112DA558480029ED5C /* UiPerformanceCalculator.swift */ = {isa = PBXFileReference; lastKnownFileType = sourcecode.swift; path = UiPerformanceCalculator.swift; sourceTree = "<group>"; };
		D88635D92D92EF5800C1D277 /* HardwarePerformanceCalculator.swift */ = {isa = PBXFileReference; lastKnownFileType = sourcecode.swift; path = HardwarePerformanceCalculator.swift; sourceTree = "<group>"; };
		D88635DB2D92F02200C1D277 /* BenchmarkRunner.swift */ = {isa = PBXFileReference; fileEncoding = 4; lastKnownFileType = sourcecode.swift; path = BenchmarkRunner.swift; sourceTree = "<group>"; };
		D88635DD2D92F02E00C1D277 /* LinkedFramesList.swift */ = {isa = PBXFileReference; fileEncoding = 4; lastKnownFileType = sourcecode.swift; path = LinkedFramesList.swift; sourceTree = "<group>"; };
		D88635E02D92F59500C1D277 /* ScrollController.swift */ = {isa = PBXFileReference; lastKnownFileType = sourcecode.swift; path = ScrollController.swift; sourceTree = "<group>"; };
		D88635E22D92F5AC00C1D277 /* ScrollScreen.swift */ = {isa = PBXFileReference; lastKnownFileType = sourcecode.swift; path = ScrollScreen.swift; sourceTree = "<group>"; };
		D8BCCD522D9429A400479E91 /* VisibilityController.swift */ = {isa = PBXFileReference; lastKnownFileType = sourcecode.swift; path = VisibilityController.swift; sourceTree = "<group>"; };
		D8BCCD542D942A2700479E91 /* VisibilityScreen.swift */ = {isa = PBXFileReference; lastKnownFileType = sourcecode.swift; path = VisibilityScreen.swift; sourceTree = "<group>"; };
		D8E827C02D70486800415E1E /* native-benchmarks.app */ = {isa = PBXFileReference; explicitFileType = wrapper.application; includeInIndex = 0; path = "native-benchmarks.app"; sourceTree = BUILT_PRODUCTS_DIR; };
		D8E827C32D70486800415E1E /* native_benchmarksApp.swift */ = {isa = PBXFileReference; lastKnownFileType = sourcecode.swift; path = native_benchmarksApp.swift; sourceTree = "<group>"; };
		D8E827C52D70486800415E1E /* ContentView.swift */ = {isa = PBXFileReference; lastKnownFileType = sourcecode.swift; path = ContentView.swift; sourceTree = "<group>"; };
		D8E827C72D70486900415E1E /* Assets.xcassets */ = {isa = PBXFileReference; lastKnownFileType = folder.assetcatalog; path = Assets.xcassets; sourceTree = "<group>"; };
		D8E827CA2D70486900415E1E /* Preview Assets.xcassets */ = {isa = PBXFileReference; lastKnownFileType = folder.assetcatalog; path = "Preview Assets.xcassets"; sourceTree = "<group>"; };
		D8E827D02D70486900415E1E /* native-benchmarksTests.xctest */ = {isa = PBXFileReference; explicitFileType = wrapper.cfbundle; includeInIndex = 0; path = "native-benchmarksTests.xctest"; sourceTree = BUILT_PRODUCTS_DIR; };
		D8E827DA2D70486900415E1E /* native-benchmarksUITests.xctest */ = {isa = PBXFileReference; explicitFileType = wrapper.cfbundle; includeInIndex = 0; path = "native-benchmarksUITests.xctest"; sourceTree = BUILT_PRODUCTS_DIR; };
		D8FC9B792DB83E72006E23A7 /* VisibilityBenchmark.swift */ = {isa = PBXFileReference; lastKnownFileType = sourcecode.swift; path = VisibilityBenchmark.swift; sourceTree = "<group>"; };
		D8FC9B7B2DB83EAA006E23A7 /* ScrollBenchmark.swift */ = {isa = PBXFileReference; lastKnownFileType = sourcecode.swift; path = ScrollBenchmark.swift; sourceTree = "<group>"; };
		D8FC9B7D2DB90185006E23A7 /* CameraService.swift */ = {isa = PBXFileReference; lastKnownFileType = sourcecode.swift; path = CameraService.swift; sourceTree = "<group>"; };
		D8FC9B802DBB6B74006E23A7 /* AnimationsBenchmark.swift */ = {isa = PBXFileReference; lastKnownFileType = sourcecode.swift; path = AnimationsBenchmark.swift; sourceTree = "<group>"; };
		D8FC9B822DBB6BBF006E23A7 /* AnimationsController.swift */ = {isa = PBXFileReference; lastKnownFileType = sourcecode.swift; path = AnimationsController.swift; sourceTree = "<group>"; };
		D8FC9B842DBB6C0D006E23A7 /* AnimationsScreen.swift */ = {isa = PBXFileReference; lastKnownFileType = sourcecode.swift; path = AnimationsScreen.swift; sourceTree = "<group>"; };
/* End PBXFileReference section */

/* Begin PBXFrameworksBuildPhase section */
		D8E827BD2D70486800415E1E /* Frameworks */ = {
			isa = PBXFrameworksBuildPhase;
			buildActionMask = 2147483647;
			files = (
			);
			runOnlyForDeploymentPostprocessing = 0;
		};
		D8E827CD2D70486900415E1E /* Frameworks */ = {
			isa = PBXFrameworksBuildPhase;
			buildActionMask = 2147483647;
			files = (
			);
			runOnlyForDeploymentPostprocessing = 0;
		};
		D8E827D72D70486900415E1E /* Frameworks */ = {
			isa = PBXFrameworksBuildPhase;
			buildActionMask = 2147483647;
			files = (
			);
			runOnlyForDeploymentPostprocessing = 0;
		};
/* End PBXFrameworksBuildPhase section */

/* Begin PBXGroup section */
		D82C9E0B2D9BDDDC00959526 /* file */ = {
			isa = PBXGroup;
			children = (
				D82C9E0C2D9BDE0700959526 /* FileOperationsBenchmark.swift */,
			);
			path = file;
			sourceTree = "<group>";
		};
		D86CE2062D9D5CE00029ED5C /* camera */ = {
			isa = PBXGroup;
			children = (
				D86CE20E2DA11B070029ED5C /* CameraBenchmark.swift */,
				D8FC9B7D2DB90185006E23A7 /* CameraService.swift */,
			);
			path = camera;
			sourceTree = "<group>";
		};
		D88635D62D92EF2600C1D277 /* Measurements */ = {
			isa = PBXGroup;
			children = (
				D88635DD2D92F02E00C1D277 /* LinkedFramesList.swift */,
				D88635D92D92EF5800C1D277 /* HardwarePerformanceCalculator.swift */,
				D86CE2112DA558480029ED5C /* UiPerformanceCalculator.swift */,
			);
			path = Measurements;
			sourceTree = "<group>";
		};
		D88635DF2D92F58800C1D277 /* scroll */ = {
			isa = PBXGroup;
			children = (
				D88635E02D92F59500C1D277 /* ScrollController.swift */,
				D88635E22D92F5AC00C1D277 /* ScrollScreen.swift */,
				D8FC9B7B2DB83EAA006E23A7 /* ScrollBenchmark.swift */,
			);
			path = scroll;
			sourceTree = "<group>";
		};
		D8BCCD512D94299400479E91 /* visibility */ = {
			isa = PBXGroup;
			children = (
				D8BCCD522D9429A400479E91 /* VisibilityController.swift */,
				D8BCCD542D942A2700479E91 /* VisibilityScreen.swift */,
				D8FC9B792DB83E72006E23A7 /* VisibilityBenchmark.swift */,
			);
			path = visibility;
			sourceTree = "<group>";
		};
		D8E827B72D70486800415E1E = {
			isa = PBXGroup;
			children = (
				D8E827C22D70486800415E1E /* native-benchmarks */,
				D8E827C12D70486800415E1E /* Products */,
			);
			sourceTree = "<group>";
		};
		D8E827C12D70486800415E1E /* Products */ = {
			isa = PBXGroup;
			children = (
				D8E827C02D70486800415E1E /* native-benchmarks.app */,
				D8E827D02D70486900415E1E /* native-benchmarksTests.xctest */,
				D8E827DA2D70486900415E1E /* native-benchmarksUITests.xctest */,
			);
			name = Products;
			sourceTree = "<group>";
		};
		D8E827C22D70486800415E1E /* native-benchmarks */ = {
			isa = PBXGroup;
			children = (
				D8FC9B7F2DBB6B2A006E23A7 /* animations */,
				D86CE2092D9D5FCF0029ED5C /* Info.plist */,
				D86CE2062D9D5CE00029ED5C /* camera */,
				D82C9E0B2D9BDDDC00959526 /* file */,
				D8BCCD512D94299400479E91 /* visibility */,
				D88635DF2D92F58800C1D277 /* scroll */,
				D88635DB2D92F02200C1D277 /* BenchmarkRunner.swift */,
				D88635D62D92EF2600C1D277 /* Measurements */,
				D8E827C32D70486800415E1E /* native_benchmarksApp.swift */,
				D8E827C52D70486800415E1E /* ContentView.swift */,
				D8E827C72D70486900415E1E /* Assets.xcassets */,
				D8E827C92D70486900415E1E /* Preview Content */,
			);
			path = "native-benchmarks";
			sourceTree = "<group>";
		};
		D8E827C92D70486900415E1E /* Preview Content */ = {
			isa = PBXGroup;
			children = (
				D8E827CA2D70486900415E1E /* Preview Assets.xcassets */,
			);
			path = "Preview Content";
			sourceTree = "<group>";
		};
		D8FC9B7F2DBB6B2A006E23A7 /* animations */ = {
			isa = PBXGroup;
			children = (
				D8FC9B802DBB6B74006E23A7 /* AnimationsBenchmark.swift */,
				D8FC9B822DBB6BBF006E23A7 /* AnimationsController.swift */,
				D8FC9B842DBB6C0D006E23A7 /* AnimationsScreen.swift */,
			);
			path = animations;
			sourceTree = "<group>";
		};
/* End PBXGroup section */

/* Begin PBXNativeTarget section */
		D8E827BF2D70486800415E1E /* native-benchmarks */ = {
			isa = PBXNativeTarget;
			buildConfigurationList = D8E827E42D70486900415E1E /* Build configuration list for PBXNativeTarget "native-benchmarks" */;
			buildPhases = (
				D8E827BC2D70486800415E1E /* Sources */,
				D8E827BD2D70486800415E1E /* Frameworks */,
				D8E827BE2D70486800415E1E /* Resources */,
			);
			buildRules = (
			);
			dependencies = (
			);
			name = "native-benchmarks";
			productName = "native-benchmarks";
			productReference = D8E827C02D70486800415E1E /* native-benchmarks.app */;
			productType = "com.apple.product-type.application";
		};
		D8E827CF2D70486900415E1E /* native-benchmarksTests */ = {
			isa = PBXNativeTarget;
			buildConfigurationList = D8E827E72D70486900415E1E /* Build configuration list for PBXNativeTarget "native-benchmarksTests" */;
			buildPhases = (
				D8E827CC2D70486900415E1E /* Sources */,
				D8E827CD2D70486900415E1E /* Frameworks */,
				D8E827CE2D70486900415E1E /* Resources */,
			);
			buildRules = (
			);
			dependencies = (
				D8E827D22D70486900415E1E /* PBXTargetDependency */,
			);
			name = "native-benchmarksTests";
			productName = "native-benchmarksTests";
			productReference = D8E827D02D70486900415E1E /* native-benchmarksTests.xctest */;
			productType = "com.apple.product-type.bundle.unit-test";
		};
		D8E827D92D70486900415E1E /* native-benchmarksUITests */ = {
			isa = PBXNativeTarget;
			buildConfigurationList = D8E827EA2D70486900415E1E /* Build configuration list for PBXNativeTarget "native-benchmarksUITests" */;
			buildPhases = (
				D8E827D62D70486900415E1E /* Sources */,
				D8E827D72D70486900415E1E /* Frameworks */,
				D8E827D82D70486900415E1E /* Resources */,
			);
			buildRules = (
			);
			dependencies = (
				D8E827DC2D70486900415E1E /* PBXTargetDependency */,
			);
			name = "native-benchmarksUITests";
			productName = "native-benchmarksUITests";
			productReference = D8E827DA2D70486900415E1E /* native-benchmarksUITests.xctest */;
			productType = "com.apple.product-type.bundle.ui-testing";
		};
/* End PBXNativeTarget section */

/* Begin PBXProject section */
		D8E827B82D70486800415E1E /* Project object */ = {
			isa = PBXProject;
			attributes = {
				BuildIndependentTargetsInParallel = 1;
				LastSwiftUpdateCheck = 1540;
				LastUpgradeCheck = 1540;
				TargetAttributes = {
					D8E827BF2D70486800415E1E = {
						CreatedOnToolsVersion = 15.4;
					};
					D8E827CF2D70486900415E1E = {
						CreatedOnToolsVersion = 15.4;
						TestTargetID = D8E827BF2D70486800415E1E;
					};
					D8E827D92D70486900415E1E = {
						CreatedOnToolsVersion = 15.4;
						TestTargetID = D8E827BF2D70486800415E1E;
					};
				};
			};
			buildConfigurationList = D8E827BB2D70486800415E1E /* Build configuration list for PBXProject "native-benchmarks" */;
			compatibilityVersion = "Xcode 14.0";
			developmentRegion = en;
			hasScannedForEncodings = 0;
			knownRegions = (
				en,
				Base,
			);
			mainGroup = D8E827B72D70486800415E1E;
			productRefGroup = D8E827C12D70486800415E1E /* Products */;
			projectDirPath = "";
			projectRoot = "";
			targets = (
				D8E827BF2D70486800415E1E /* native-benchmarks */,
				D8E827CF2D70486900415E1E /* native-benchmarksTests */,
				D8E827D92D70486900415E1E /* native-benchmarksUITests */,
			);
		};
/* End PBXProject section */

/* Begin PBXResourcesBuildPhase section */
		D8E827BE2D70486800415E1E /* Resources */ = {
			isa = PBXResourcesBuildPhase;
			buildActionMask = 2147483647;
			files = (
				D8E827CB2D70486900415E1E /* Preview Assets.xcassets in Resources */,
				D8E827C82D70486900415E1E /* Assets.xcassets in Resources */,
			);
			runOnlyForDeploymentPostprocessing = 0;
		};
		D8E827CE2D70486900415E1E /* Resources */ = {
			isa = PBXResourcesBuildPhase;
			buildActionMask = 2147483647;
			files = (
			);
			runOnlyForDeploymentPostprocessing = 0;
		};
		D8E827D82D70486900415E1E /* Resources */ = {
			isa = PBXResourcesBuildPhase;
			buildActionMask = 2147483647;
			files = (
			);
			runOnlyForDeploymentPostprocessing = 0;
		};
/* End PBXResourcesBuildPhase section */

/* Begin PBXSourcesBuildPhase section */
		D8E827BC2D70486800415E1E /* Sources */ = {
			isa = PBXSourcesBuildPhase;
			buildActionMask = 2147483647;
			files = (
				D88635DE2D92F02E00C1D277 /* LinkedFramesList.swift in Sources */,
				D86CE2122DA558480029ED5C /* UiPerformanceCalculator.swift in Sources */,
				D8E827C62D70486800415E1E /* ContentView.swift in Sources */,
				D8FC9B852DBB6C0D006E23A7 /* AnimationsScreen.swift in Sources */,
				D8BCCD532D9429A400479E91 /* VisibilityController.swift in Sources */,
				D82C9E0D2D9BDE0700959526 /* FileOperationsBenchmark.swift in Sources */,
				D8BCCD552D942A2700479E91 /* VisibilityScreen.swift in Sources */,
				D8FC9B7C2DB83EAA006E23A7 /* ScrollBenchmark.swift in Sources */,
				D88635E12D92F59500C1D277 /* ScrollController.swift in Sources */,
				D8FC9B7E2DB90185006E23A7 /* CameraService.swift in Sources */,
				D8FC9B7A2DB83E72006E23A7 /* VisibilityBenchmark.swift in Sources */,
				D8FC9B832DBB6BBF006E23A7 /* AnimationsController.swift in Sources */,
				D8FC9B812DBB6B74006E23A7 /* AnimationsBenchmark.swift in Sources */,
				D88635E32D92F5AC00C1D277 /* ScrollScreen.swift in Sources */,
				D86CE20F2DA11B070029ED5C /* CameraBenchmark.swift in Sources */,
				D88635DA2D92EF5800C1D277 /* HardwarePerformanceCalculator.swift in Sources */,
				D8E827C42D70486800415E1E /* native_benchmarksApp.swift in Sources */,
				D88635DC2D92F02200C1D277 /* BenchmarkRunner.swift in Sources */,
			);
			runOnlyForDeploymentPostprocessing = 0;
		};
		D8E827CC2D70486900415E1E /* Sources */ = {
			isa = PBXSourcesBuildPhase;
			buildActionMask = 2147483647;
			files = (
			);
			runOnlyForDeploymentPostprocessing = 0;
		};
		D8E827D62D70486900415E1E /* Sources */ = {
			isa = PBXSourcesBuildPhase;
			buildActionMask = 2147483647;
			files = (
			);
			runOnlyForDeploymentPostprocessing = 0;
		};
/* End PBXSourcesBuildPhase section */

/* Begin PBXTargetDependency section */
		D8E827D22D70486900415E1E /* PBXTargetDependency */ = {
			isa = PBXTargetDependency;
			target = D8E827BF2D70486800415E1E /* native-benchmarks */;
			targetProxy = D8E827D12D70486900415E1E /* PBXContainerItemProxy */;
		};
		D8E827DC2D70486900415E1E /* PBXTargetDependency */ = {
			isa = PBXTargetDependency;
			target = D8E827BF2D70486800415E1E /* native-benchmarks */;
			targetProxy = D8E827DB2D70486900415E1E /* PBXContainerItemProxy */;
		};
/* End PBXTargetDependency section */

/* Begin XCBuildConfiguration section */
		D8E827E22D70486900415E1E /* Debug */ = {
			isa = XCBuildConfiguration;
			buildSettings = {
				ALWAYS_SEARCH_USER_PATHS = NO;
				ASSETCATALOG_COMPILER_GENERATE_SWIFT_ASSET_SYMBOL_EXTENSIONS = YES;
				CLANG_ANALYZER_NONNULL = YES;
				CLANG_ANALYZER_NUMBER_OBJECT_CONVERSION = YES_AGGRESSIVE;
				CLANG_CXX_LANGUAGE_STANDARD = "gnu++20";
				CLANG_ENABLE_MODULES = YES;
				CLANG_ENABLE_OBJC_ARC = YES;
				CLANG_ENABLE_OBJC_WEAK = YES;
				CLANG_WARN_BLOCK_CAPTURE_AUTORELEASING = YES;
				CLANG_WARN_BOOL_CONVERSION = YES;
				CLANG_WARN_COMMA = YES;
				CLANG_WARN_CONSTANT_CONVERSION = YES;
				CLANG_WARN_DEPRECATED_OBJC_IMPLEMENTATIONS = YES;
				CLANG_WARN_DIRECT_OBJC_ISA_USAGE = YES_ERROR;
				CLANG_WARN_DOCUMENTATION_COMMENTS = YES;
				CLANG_WARN_EMPTY_BODY = YES;
				CLANG_WARN_ENUM_CONVERSION = YES;
				CLANG_WARN_INFINITE_RECURSION = YES;
				CLANG_WARN_INT_CONVERSION = YES;
				CLANG_WARN_NON_LITERAL_NULL_CONVERSION = YES;
				CLANG_WARN_OBJC_IMPLICIT_RETAIN_SELF = YES;
				CLANG_WARN_OBJC_LITERAL_CONVERSION = YES;
				CLANG_WARN_OBJC_ROOT_CLASS = YES_ERROR;
				CLANG_WARN_QUOTED_INCLUDE_IN_FRAMEWORK_HEADER = YES;
				CLANG_WARN_RANGE_LOOP_ANALYSIS = YES;
				CLANG_WARN_STRICT_PROTOTYPES = YES;
				CLANG_WARN_SUSPICIOUS_MOVE = YES;
				CLANG_WARN_UNGUARDED_AVAILABILITY = YES_AGGRESSIVE;
				CLANG_WARN_UNREACHABLE_CODE = YES;
				CLANG_WARN__DUPLICATE_METHOD_MATCH = YES;
				COPY_PHASE_STRIP = NO;
				DEBUG_INFORMATION_FORMAT = dwarf;
				ENABLE_STRICT_OBJC_MSGSEND = YES;
				ENABLE_TESTABILITY = YES;
				ENABLE_USER_SCRIPT_SANDBOXING = YES;
				GCC_C_LANGUAGE_STANDARD = gnu17;
				GCC_DYNAMIC_NO_PIC = NO;
				GCC_NO_COMMON_BLOCKS = YES;
				GCC_OPTIMIZATION_LEVEL = 0;
				GCC_PREPROCESSOR_DEFINITIONS = (
					"DEBUG=1",
					"$(inherited)",
				);
				GCC_WARN_64_TO_32_BIT_CONVERSION = YES;
				GCC_WARN_ABOUT_RETURN_TYPE = YES_ERROR;
				GCC_WARN_UNDECLARED_SELECTOR = YES;
				GCC_WARN_UNINITIALIZED_AUTOS = YES_AGGRESSIVE;
				GCC_WARN_UNUSED_FUNCTION = YES;
				GCC_WARN_UNUSED_VARIABLE = YES;
				IPHONEOS_DEPLOYMENT_TARGET = 15.3;
				LOCALIZATION_PREFERS_STRING_CATALOGS = YES;
				MTL_ENABLE_DEBUG_INFO = INCLUDE_SOURCE;
				MTL_FAST_MATH = YES;
				ONLY_ACTIVE_ARCH = YES;
				SDKROOT = iphoneos;
				SWIFT_ACTIVE_COMPILATION_CONDITIONS = "DEBUG $(inherited)";
				SWIFT_OPTIMIZATION_LEVEL = "-Onone";
			};
			name = Debug;
		};
		D8E827E32D70486900415E1E /* Release */ = {
			isa = XCBuildConfiguration;
			buildSettings = {
				ALWAYS_SEARCH_USER_PATHS = NO;
				ASSETCATALOG_COMPILER_GENERATE_SWIFT_ASSET_SYMBOL_EXTENSIONS = YES;
				CLANG_ANALYZER_NONNULL = YES;
				CLANG_ANALYZER_NUMBER_OBJECT_CONVERSION = YES_AGGRESSIVE;
				CLANG_CXX_LANGUAGE_STANDARD = "gnu++20";
				CLANG_ENABLE_MODULES = YES;
				CLANG_ENABLE_OBJC_ARC = YES;
				CLANG_ENABLE_OBJC_WEAK = YES;
				CLANG_WARN_BLOCK_CAPTURE_AUTORELEASING = YES;
				CLANG_WARN_BOOL_CONVERSION = YES;
				CLANG_WARN_COMMA = YES;
				CLANG_WARN_CONSTANT_CONVERSION = YES;
				CLANG_WARN_DEPRECATED_OBJC_IMPLEMENTATIONS = YES;
				CLANG_WARN_DIRECT_OBJC_ISA_USAGE = YES_ERROR;
				CLANG_WARN_DOCUMENTATION_COMMENTS = YES;
				CLANG_WARN_EMPTY_BODY = YES;
				CLANG_WARN_ENUM_CONVERSION = YES;
				CLANG_WARN_INFINITE_RECURSION = YES;
				CLANG_WARN_INT_CONVERSION = YES;
				CLANG_WARN_NON_LITERAL_NULL_CONVERSION = YES;
				CLANG_WARN_OBJC_IMPLICIT_RETAIN_SELF = YES;
				CLANG_WARN_OBJC_LITERAL_CONVERSION = YES;
				CLANG_WARN_OBJC_ROOT_CLASS = YES_ERROR;
				CLANG_WARN_QUOTED_INCLUDE_IN_FRAMEWORK_HEADER = YES;
				CLANG_WARN_RANGE_LOOP_ANALYSIS = YES;
				CLANG_WARN_STRICT_PROTOTYPES = YES;
				CLANG_WARN_SUSPICIOUS_MOVE = YES;
				CLANG_WARN_UNGUARDED_AVAILABILITY = YES_AGGRESSIVE;
				CLANG_WARN_UNREACHABLE_CODE = YES;
				CLANG_WARN__DUPLICATE_METHOD_MATCH = YES;
				COPY_PHASE_STRIP = NO;
				DEBUG_INFORMATION_FORMAT = "dwarf-with-dsym";
				ENABLE_NS_ASSERTIONS = NO;
				ENABLE_STRICT_OBJC_MSGSEND = YES;
				ENABLE_USER_SCRIPT_SANDBOXING = YES;
				GCC_C_LANGUAGE_STANDARD = gnu17;
				GCC_NO_COMMON_BLOCKS = YES;
				GCC_WARN_64_TO_32_BIT_CONVERSION = YES;
				GCC_WARN_ABOUT_RETURN_TYPE = YES_ERROR;
				GCC_WARN_UNDECLARED_SELECTOR = YES;
				GCC_WARN_UNINITIALIZED_AUTOS = YES_AGGRESSIVE;
				GCC_WARN_UNUSED_FUNCTION = YES;
				GCC_WARN_UNUSED_VARIABLE = YES;
				IPHONEOS_DEPLOYMENT_TARGET = 15.3;
				LOCALIZATION_PREFERS_STRING_CATALOGS = YES;
				MTL_ENABLE_DEBUG_INFO = NO;
				MTL_FAST_MATH = YES;
				SDKROOT = iphoneos;
				SWIFT_COMPILATION_MODE = wholemodule;
				VALIDATE_PRODUCT = YES;
			};
			name = Release;
		};
		D8E827E52D70486900415E1E /* Debug */ = {
			isa = XCBuildConfiguration;
			buildSettings = {
				ASSETCATALOG_COMPILER_APPICON_NAME = AppIcon;
				ASSETCATALOG_COMPILER_GLOBAL_ACCENT_COLOR_NAME = AccentColor;
				CODE_SIGN_STYLE = Automatic;
				CURRENT_PROJECT_VERSION = 1;
				DEVELOPMENT_ASSET_PATHS = "\"native-benchmarks/Preview Content\"";
				DEVELOPMENT_TEAM = FGNJRSQ238;
				ENABLE_PREVIEWS = YES;
				GENERATE_INFOPLIST_FILE = YES;
				INFOPLIST_FILE = "native-benchmarks/Info.plist";
				INFOPLIST_KEY_LSApplicationCategoryType = "";
				INFOPLIST_KEY_NSCameraUsageDescription = "Camera needed for benchmark";
				INFOPLIST_KEY_NSLocationWhenInUseUsageDescription = "Location needed for benchmark";
				INFOPLIST_KEY_NSPhotoLibraryAddUsageDescription = "Photo library needed for benchmark";
				INFOPLIST_KEY_NSPhotoLibraryUsageDescription = "Photo library needed for benchmark";
				INFOPLIST_KEY_UIApplicationSceneManifest_Generation = YES;
				INFOPLIST_KEY_UIApplicationSupportsIndirectInputEvents = YES;
				INFOPLIST_KEY_UILaunchScreen_Generation = YES;
				INFOPLIST_KEY_UISupportedInterfaceOrientations_iPad = "UIInterfaceOrientationPortrait UIInterfaceOrientationPortraitUpsideDown UIInterfaceOrientationLandscapeLeft UIInterfaceOrientationLandscapeRight";
				INFOPLIST_KEY_UISupportedInterfaceOrientations_iPhone = "UIInterfaceOrientationPortrait UIInterfaceOrientationLandscapeLeft UIInterfaceOrientationLandscapeRight";
				LD_RUNPATH_SEARCH_PATHS = (
					"$(inherited)",
					"@executable_path/Frameworks",
				);
				MARKETING_VERSION = 1.0;
				PRODUCT_BUNDLE_IDENTIFIER = "idk.native-benchmarks";
				PRODUCT_NAME = "$(TARGET_NAME)";
				SWIFT_EMIT_LOC_STRINGS = YES;
				SWIFT_VERSION = 5.0;
				TARGETED_DEVICE_FAMILY = "1,2";
			};
			name = Debug;
		};
		D8E827E62D70486900415E1E /* Release */ = {
			isa = XCBuildConfiguration;
			buildSettings = {
				ASSETCATALOG_COMPILER_APPICON_NAME = AppIcon;
				ASSETCATALOG_COMPILER_GLOBAL_ACCENT_COLOR_NAME = AccentColor;
				CODE_SIGN_STYLE = Automatic;
				CURRENT_PROJECT_VERSION = 1;
				DEVELOPMENT_ASSET_PATHS = "\"native-benchmarks/Preview Content\"";
				DEVELOPMENT_TEAM = FGNJRSQ238;
				ENABLE_PREVIEWS = YES;
				GENERATE_INFOPLIST_FILE = YES;
				INFOPLIST_FILE = "native-benchmarks/Info.plist";
				INFOPLIST_KEY_LSApplicationCategoryType = "";
				INFOPLIST_KEY_NSCameraUsageDescription = "Camera needed for benchmark";
				INFOPLIST_KEY_NSLocationWhenInUseUsageDescription = "Location needed for benchmark";
				INFOPLIST_KEY_NSPhotoLibraryAddUsageDescription = "Photo library needed for benchmark";
				INFOPLIST_KEY_NSPhotoLibraryUsageDescription = "Photo library needed for benchmark";
				INFOPLIST_KEY_UIApplicationSceneManifest_Generation = YES;
				INFOPLIST_KEY_UIApplicationSupportsIndirectInputEvents = YES;
				INFOPLIST_KEY_UILaunchScreen_Generation = YES;
				INFOPLIST_KEY_UISupportedInterfaceOrientations_iPad = "UIInterfaceOrientationPortrait UIInterfaceOrientationPortraitUpsideDown UIInterfaceOrientationLandscapeLeft UIInterfaceOrientationLandscapeRight";
				INFOPLIST_KEY_UISupportedInterfaceOrientations_iPhone = "UIInterfaceOrientationPortrait UIInterfaceOrientationLandscapeLeft UIInterfaceOrientationLandscapeRight";
				LD_RUNPATH_SEARCH_PATHS = (
					"$(inherited)",
					"@executable_path/Frameworks",
				);
				MARKETING_VERSION = 1.0;
				PRODUCT_BUNDLE_IDENTIFIER = "idk.native-benchmarks";
				PRODUCT_NAME = "$(TARGET_NAME)";
				SWIFT_EMIT_LOC_STRINGS = YES;
				SWIFT_VERSION = 5.0;
				TARGETED_DEVICE_FAMILY = "1,2";
			};
			name = Release;
		};
		D8E827E82D70486900415E1E /* Debug */ = {
			isa = XCBuildConfiguration;
			buildSettings = {
				ALWAYS_EMBED_SWIFT_STANDARD_LIBRARIES = YES;
				BUNDLE_LOADER = "$(TEST_HOST)";
				CODE_SIGN_STYLE = Automatic;
				CURRENT_PROJECT_VERSION = 1;
				GENERATE_INFOPLIST_FILE = YES;
				IPHONEOS_DEPLOYMENT_TARGET = 17.5;
				MARKETING_VERSION = 1.0;
				PRODUCT_BUNDLE_IDENTIFIER = "idk.native-benchmarksTests";
				PRODUCT_NAME = "$(TARGET_NAME)";
				SWIFT_EMIT_LOC_STRINGS = NO;
				SWIFT_VERSION = 5.0;
				TARGETED_DEVICE_FAMILY = "1,2";
				TEST_HOST = "$(BUILT_PRODUCTS_DIR)/native-benchmarks.app/$(BUNDLE_EXECUTABLE_FOLDER_PATH)/native-benchmarks";
			};
			name = Debug;
		};
		D8E827E92D70486900415E1E /* Release */ = {
			isa = XCBuildConfiguration;
			buildSettings = {
				ALWAYS_EMBED_SWIFT_STANDARD_LIBRARIES = YES;
				BUNDLE_LOADER = "$(TEST_HOST)";
				CODE_SIGN_STYLE = Automatic;
				CURRENT_PROJECT_VERSION = 1;
				GENERATE_INFOPLIST_FILE = YES;
				IPHONEOS_DEPLOYMENT_TARGET = 17.5;
				MARKETING_VERSION = 1.0;
				PRODUCT_BUNDLE_IDENTIFIER = "idk.native-benchmarksTests";
				PRODUCT_NAME = "$(TARGET_NAME)";
				SWIFT_EMIT_LOC_STRINGS = NO;
				SWIFT_VERSION = 5.0;
				TARGETED_DEVICE_FAMILY = "1,2";
				TEST_HOST = "$(BUILT_PRODUCTS_DIR)/native-benchmarks.app/$(BUNDLE_EXECUTABLE_FOLDER_PATH)/native-benchmarks";
			};
			name = Release;
		};
		D8E827EB2D70486900415E1E /* Debug */ = {
			isa = XCBuildConfiguration;
			buildSettings = {
				ALWAYS_EMBED_SWIFT_STANDARD_LIBRARIES = YES;
				CODE_SIGN_STYLE = Automatic;
				CURRENT_PROJECT_VERSION = 1;
				GENERATE_INFOPLIST_FILE = YES;
				MARKETING_VERSION = 1.0;
				PRODUCT_BUNDLE_IDENTIFIER = "idk.native-benchmarksUITests";
				PRODUCT_NAME = "$(TARGET_NAME)";
				SWIFT_EMIT_LOC_STRINGS = NO;
				SWIFT_VERSION = 5.0;
				TARGETED_DEVICE_FAMILY = "1,2";
				TEST_TARGET_NAME = "native-benchmarks";
			};
			name = Debug;
		};
		D8E827EC2D70486900415E1E /* Release */ = {
			isa = XCBuildConfiguration;
			buildSettings = {
				ALWAYS_EMBED_SWIFT_STANDARD_LIBRARIES = YES;
				CODE_SIGN_STYLE = Automatic;
				CURRENT_PROJECT_VERSION = 1;
				GENERATE_INFOPLIST_FILE = YES;
				MARKETING_VERSION = 1.0;
				PRODUCT_BUNDLE_IDENTIFIER = "idk.native-benchmarksUITests";
				PRODUCT_NAME = "$(TARGET_NAME)";
				SWIFT_EMIT_LOC_STRINGS = NO;
				SWIFT_VERSION = 5.0;
				TARGETED_DEVICE_FAMILY = "1,2";
				TEST_TARGET_NAME = "native-benchmarks";
			};
			name = Release;
		};
/* End XCBuildConfiguration section */

/* Begin XCConfigurationList section */
		D8E827BB2D70486800415E1E /* Build configuration list for PBXProject "native-benchmarks" */ = {
			isa = XCConfigurationList;
			buildConfigurations = (
				D8E827E22D70486900415E1E /* Debug */,
				D8E827E32D70486900415E1E /* Release */,
			);
			defaultConfigurationIsVisible = 0;
			defaultConfigurationName = Release;
		};
		D8E827E42D70486900415E1E /* Build configuration list for PBXNativeTarget "native-benchmarks" */ = {
			isa = XCConfigurationList;
			buildConfigurations = (
				D8E827E52D70486900415E1E /* Debug */,
				D8E827E62D70486900415E1E /* Release */,
			);
			defaultConfigurationIsVisible = 0;
			defaultConfigurationName = Release;
		};
		D8E827E72D70486900415E1E /* Build configuration list for PBXNativeTarget "native-benchmarksTests" */ = {
			isa = XCConfigurationList;
			buildConfigurations = (
				D8E827E82D70486900415E1E /* Debug */,
				D8E827E92D70486900415E1E /* Release */,
			);
			defaultConfigurationIsVisible = 0;
			defaultConfigurationName = Release;
		};
		D8E827EA2D70486900415E1E /* Build configuration list for PBXNativeTarget "native-benchmarksUITests" */ = {
			isa = XCConfigurationList;
			buildConfigurations = (
				D8E827EB2D70486900415E1E /* Debug */,
				D8E827EC2D70486900415E1E /* Release */,
			);
			defaultConfigurationIsVisible = 0;
			defaultConfigurationName = Release;
		};
/* End XCConfigurationList section */
	};
	rootObject = D8E827B82D70486800415E1E /* Project object */;
}
